
Microsoft Visual Studio Solution File, Format Version 12.00
# Visual Studio 2013
VisualStudioVersion = 12.0.31101.0
MinimumVisualStudioVersion = 10.0.40219.1
Project("{FAE04EC0-301F-11D3-BF4B-00C04F79EFBC}") = "ServiceBusFailoverPOC", "ServiceBusFailoverPOC\ServiceBusFailoverPOC.csproj", "{3A25B237-2A77-49E2-9441-F2500462E74B}"
EndProject
Project("{2150E333-8FDC-42A3-9474-1A3956D46DE8}") = ".nuget", ".nuget", "{AA38AF6A-F249-45D1-A85D-C889CFB27845}"
	ProjectSection(SolutionItems) = preProject
		.nuget\NuGet.Config = .nuget\NuGet.Config
		.nuget\NuGet.exe = .nuget\NuGet.exe
		.nuget\NuGet.targets = .nuget\NuGet.targets
	EndProjectSection
EndProject
Global
	GlobalSection(SolutionConfigurationPlatforms) = preSolution
		Debug|Any CPU = Debug|Any CPU
		Release|Any CPU = Release|Any CPU
	EndGlobalSection
	GlobalSection(ProjectConfigurationPlatforms) = postSolution
		{3A25B237-2A77-49E2-9441-F2500462E74B}.Debug|Any CPU.ActiveCfg = Debug|Any CPU
		{3A25B237-2A77-49E2-9441-F2500462E74B}.Debug|Any CPU.Build.0 = Debug|Any CPU
		{3A25B237-2A77-49E2-9441-F2500462E74B}.Release|Any CPU.ActiveCfg = Release|Any CPU
		{3A25B237-2A77-49E2-9441-F2500462E74B}.Release|Any CPU.Build.0 = Release|Any CPU
	EndGlobalSection
	GlobalSection(SolutionProperties) = preSolution
		HideSolutionNode = FALSE
	EndGlobalSection
	GlobalSection(ExtensibilityGlobals) = postSolution
		EnterpriseLibraryConfigurationToolBinariesPathV6 = packages\EnterpriseLibrary.TransientFaultHandling.6.0.1304.0\lib\portable-net45+win+wp8;packages\EnterpriseLibrary.TransientFaultHandling.ServiceBus.6.0.1304.0\lib\NET45
	EndGlobalSection
EndGlobal
